
Microsoft Visual Studio Solution File, Format Version 12.00
# Visual Studio Version 17
VisualStudioVersion = 17.10.35013.160
MinimumVisualStudioVersion = 10.0.40219.1
Project("{2150E333-8FDC-42A3-9474-1A3956D46DE8}") = "dev_flow", "dev_flow", "{524D98A2-CCCB-44A6-9434-D849078EDDB3}"
EndProject
Project("{2150E333-8FDC-42A3-9474-1A3956D46DE8}") = "deepseek", "deepseek", "{94877FD5-6D1D-4391-A81F-B83C8B291FB5}"
	ProjectSection(SolutionItems) = preProject
		dev_flow\deepseek\main.chat = dev_flow\deepseek\main.chat
	EndProjectSection
EndProject
Project("{2150E333-8FDC-42A3-9474-1A3956D46DE8}") = "repos", "repos", "{27313DB9-50C2-4571-BF24-FE6FFCF96745}"
	ProjectSection(SolutionItems) = preProject
		.gitignore = .gitignore
		CONTRIBUTING.md = CONTRIBUTING.md
		README.md = README.md
	EndProjectSection
EndProject
Project("{8BC9CEB8-8B4A-11D0-8D11-00A0C91BC942}") = "OMCtp_server_and_client_header", "OMCtp_client_header\OMCtp_client_header.vcxitems", "{E062696F-0B42-463E-A2B2-D472383374CA}"
EndProject
Project("{8BC9CEB8-8B4A-11D0-8D11-00A0C91BC942}") = "OMCtp_functions_header", "OMCtp_functions_header\OMCtp_functions_header.vcxitems", "{80645A4D-B522-4DE4-B911-334EA0CBBE27}"
EndProject
Project("{8BC9CEB8-8B4A-11D0-8D11-00A0C91BC942}") = "OMCtp_server_and_client_windows", "OMCtp_server_and_client_windows\OMCtp_server_and_client_windows.vcxproj", "{1904B14E-5873-46BF-9B44-5BE397F10917}"
EndProject
Global
	GlobalSection(SolutionConfigurationPlatforms) = preSolution
		Debug|x64 = Debug|x64
		Debug|x86 = Debug|x86
		Release|x64 = Release|x64
		Release|x86 = Release|x86
	EndGlobalSection
	GlobalSection(ProjectConfigurationPlatforms) = postSolution
		{1904B14E-5873-46BF-9B44-5BE397F10917}.Debug|x64.ActiveCfg = Debug|x64
		{1904B14E-5873-46BF-9B44-5BE397F10917}.Debug|x64.Build.0 = Debug|x64
		{1904B14E-5873-46BF-9B44-5BE397F10917}.Debug|x86.ActiveCfg = Debug|Win32
		{1904B14E-5873-46BF-9B44-5BE397F10917}.Debug|x86.Build.0 = Debug|Win32
		{1904B14E-5873-46BF-9B44-5BE397F10917}.Release|x64.ActiveCfg = Release|x64
		{1904B14E-5873-46BF-9B44-5BE397F10917}.Release|x64.Build.0 = Release|x64
		{1904B14E-5873-46BF-9B44-5BE397F10917}.Release|x86.ActiveCfg = Release|Win32
		{1904B14E-5873-46BF-9B44-5BE397F10917}.Release|x86.Build.0 = Release|Win32
	EndGlobalSection
	GlobalSection(SolutionProperties) = preSolution
		HideSolutionNode = FALSE
	EndGlobalSection
	GlobalSection(NestedProjects) = preSolution
		{94877FD5-6D1D-4391-A81F-B83C8B291FB5} = {524D98A2-CCCB-44A6-9434-D849078EDDB3}
	EndGlobalSection
	GlobalSection(ExtensibilityGlobals) = postSolution
		SolutionGuid = {93295DDF-0D6A-4338-84DE-5643C4E8CF84}
	EndGlobalSection
EndGlobal
